{
  "name": "small-sample",
  "requires": true,
  "lockfileVersion": 1,
  "dependencies": {
    "papaparse": {
      "version": "5.3.1",
      "resolved": "https://registry.npmjs.org/papaparse/-/papaparse-5.3.1.tgz",
      "integrity": "sha512-Dbt2yjLJrCwH2sRqKFFJaN5XgIASO9YOFeFP8rIBRG2Ain8mqk5r1M6DkfvqEVozVcz3r3HaUGw253hA1nLIcA=="
    },
    "rereadable-stream": {
      "version": "1.4.12",
      "resolved": "https://registry.npmjs.org/rereadable-stream/-/rereadable-stream-1.4.12.tgz",
      "integrity": "sha512-X6DO4q5q+QWIKP/B3MO+W0fNlu7x2xJDYvZ6LqM3kSFtyRp/0E/W1NOoxg5Zp9gUB0kKTFXUiubhxgb/c+tZEw=="
    },
    "scramjet": {
      "version": "4.35.20",
      "resolved": "https://registry.npmjs.org/scramjet/-/scramjet-4.35.20.tgz",
      "integrity": "sha512-Lnj3Js/y07VsaQM2vhMkNHl51jRHucnpAOPE55Ug3B6mo3CtPdO+DEpCsaV97u0ZBXcxWIbR9DN4SPftcAprDw==",
      "requires": {
        "papaparse": "^5.3.1",
        "rereadable-stream": "^1.4.12",
        "scramjet-core": "^4.31.19"
      }
    },
    "scramjet-core": {
      "version": "4.31.19",
      "resolved": "https://registry.npmjs.org/scramjet-core/-/scramjet-core-4.31.19.tgz",
      "integrity": "sha512-/rmtiNw7CY2xLKCm7qBc7RwToltdZ+0MpLaS7XCdPAjMwheKT3+Jbu/r708DryySQypy2IKJQkUx5kx7b2qkeg=="
    }
  }
}
