# THIS IS AN AUTOGENERATED FILE. DO NOT EDIT THIS FILE DIRECTLY.
# yarn lockfile v1


"@scramjet/symbols@^0.11.0":
  version "0.11.0"
  resolved "https://registry.yarnpkg.com/@scramjet/symbols/-/symbols-0.11.0.tgz#7d7444cbd05f1fadbd7652e841c4961285c85773"
  integrity sha512-UTuQVFy3IuG+un1B//k9dDoZEngsP0irJtTQamhzx5cd7AQzJUfGpwPVfgMhjcyEBKVrrGOUJIBFXO0cg8B0jw==

"@scramjet/types@^0.11.0-0":
  version "0.11.0"
  resolved "https://registry.yarnpkg.com/@scramjet/types/-/types-0.11.0.tgz#3ac9842369c3ba31252155685799dd25825956af"
  integrity sha512-Su84o3LxbsETCdm5I2LTYOaWjbsMM4XFPLzMSc4L2znAmnpZQf9D1q32frvPFb9vZRHHn9Cn3jkdyWAqC1eT0g==
  dependencies:
    "@scramjet/symbols" "^0.11.0"

"@types/node@15.12.5":
  version "15.12.5"
  resolved "https://registry.yarnpkg.com/@types/node/-/node-15.12.5.tgz#9a78318a45d75c9523d2396131bd3cca54b2d185"
  integrity sha512-se3yX7UHv5Bscf8f1ERKvQOD6sTyycH3hdaoozvaLxgUiY5lIGEeH37AD0G0Qi9kPqihPn0HOfd2yaIEN9VwEg==

papaparse@^5.3.1:
  version "5.3.1"
  resolved "https://registry.yarnpkg.com/papaparse/-/papaparse-5.3.1.tgz#770b7a9124d821d4b2132132b7bd7dce7194b5b1"
  integrity sha512-Dbt2yjLJrCwH2sRqKFFJaN5XgIASO9YOFeFP8rIBRG2Ain8mqk5r1M6DkfvqEVozVcz3r3HaUGw253hA1nLIcA==

rereadable-stream@^1.4.12:
  version "1.4.12"
  resolved "https://registry.yarnpkg.com/rereadable-stream/-/rereadable-stream-1.4.12.tgz#51d375d3eb7f4708a4bb592d057d4858502defd9"
  integrity sha512-X6DO4q5q+QWIKP/B3MO+W0fNlu7x2xJDYvZ6LqM3kSFtyRp/0E/W1NOoxg5Zp9gUB0kKTFXUiubhxgb/c+tZEw==

scramjet-core@^4.32.0:
  version "4.32.0"
  resolved "https://registry.yarnpkg.com/scramjet-core/-/scramjet-core-4.32.0.tgz#fe25081c5f80fc7f948c7dbe49a0d3291834a09c"
  integrity sha512-74F/2knCThhWuoh2Ucc0gLXyCN6MXve8kThS3dMFiJwIjgfE/FyislMIYmrtzDoPnzFCENo+dAcZXbqoGIi4CQ==

scramjet@^4.35.20:
  version "4.36.0"
  resolved "https://registry.yarnpkg.com/scramjet/-/scramjet-4.36.0.tgz#d5e0365590fcc6d1afc5d483002e7f97c13d3711"
  integrity sha512-YQ2w3mtie5RmQQVIoj+NlNf+VwhxaTEsRhorAPC9pTsvbQhroa313E/jCoyCvWLfKxJg7PQkZJoU3t/sq7G5Yg==
  dependencies:
    papaparse "^5.3.1"
    rereadable-stream "^1.4.12"
    scramjet-core "^4.32.0"

typescript@^4.3.4:
  version "4.4.2"
  resolved "https://registry.yarnpkg.com/typescript/-/typescript-4.4.2.tgz#6d618640d430e3569a1dfb44f7d7e600ced3ee86"
  integrity sha512-gzP+t5W4hdy4c+68bfcv0t400HVJMMd2+H9B7gae1nQlBzCqvrXX+6GL/b3GAgyTH966pzrZ70/fRjwAtZksSQ==
