{
  "name": "@template/template-py",
  "version": "0.18.7",
  "lockfileVersion": 2,
  "requires": true,
  "packages": {
    "": {
      "name": "@template/template-py",
      "version": "0.18.7",
      "license": "MIT",
      "devDependencies": {
        "@scramjet/cli": "^0.26.1"
      },
      "engines": {
        "python3": "3.5.0"
      }
    },
    "node_modules/@scramjet/api-client": {
      "version": "0.26.1",
      "resolved": "https://registry.npmjs.org/@scramjet/api-client/-/api-client-0.26.1.tgz",
      "integrity": "sha512-oxF10e2JRQyP7ItISew6wPdgeI44vxi6YyLwmR6JEcIHg9qDbN0jyOF2BKb0HtOhG9YofUdMr+NwGK+GPmrBWQ==",
      "dev": true,
      "dependencies": {
        "@scramjet/client-utils": "^0.26.1",
        "@scramjet/sth-config": "^0.26.1",
        "@scramjet/symbols": "^0.26.1",
        "n-readlines": "^1.0.1",
        "scramjet": "^4.36.6"
      }
    },
    "node_modules/@scramjet/cli": {
      "version": "0.26.1",
      "resolved": "https://registry.npmjs.org/@scramjet/cli/-/cli-0.26.1.tgz",
      "integrity": "sha512-DtYY6Nh2FXWIzqVUYs6th++lwUImWGPlPGBUy2qB18oJnVGFjSiFDLLE6gUr+/I7sUxRYnqdPBEbz5KUW5BOmA==",
      "dev": true,
      "dependencies": {
        "@scramjet/api-client": "^0.26.1",
        "@scramjet/client-utils": "^0.26.1",
        "@scramjet/middleware-api-client": "^0.26.1",
        "@scramjet/obj-logger": "^0.26.1",
        "@scramjet/utility": "^0.26.1",
        "chalk": "^4.1.2",
        "commander": "^8.3.0",
        "commander-completion": "^1.0.1",
        "find-package-json": "^1.2.0",
        "minimatch": "^3.1.2",
        "scramjet": "^4.36.6",
        "tar": "^6.1.11",
        "validator": "^13.7.0"
      },
      "bin": {
        "si": "bin/index.js"
      }
    },
    "node_modules/@scramjet/client-utils": {
      "version": "0.26.1",
      "resolved": "https://registry.npmjs.org/@scramjet/client-utils/-/client-utils-0.26.1.tgz",
      "integrity": "sha512-MRGD75yOfEimDEvSsIzrgW+MN5T7n49xzuCe0VXSUbfY5ALPhJnkCoPIEe45E9/L6G+VqWtCjBIhctReeGTJUQ==",
      "dev": true,
      "dependencies": {
        "@scramjet/model": "^0.26.1",
        "@scramjet/obj-logger": "^0.26.1",
        "@scramjet/sth-config": "^0.26.1",
        "@scramjet/symbols": "^0.26.1",
        "@scramjet/utility": "^0.26.1",
        "abort-controller": "^3.0.0",
        "n-readlines": "^1.0.1",
        "node-fetch": "^2.6.7",
        "normalize-url": "^5.3.1",
        "scramjet": "^4.36.6"
      }
    },
    "node_modules/@scramjet/manager-api-client": {
      "version": "0.26.1",
      "resolved": "https://registry.npmjs.org/@scramjet/manager-api-client/-/manager-api-client-0.26.1.tgz",
      "integrity": "sha512-VO+a1lf67jQPNhXhiIik0vxnuM9tpTrVtU7hK1dXaMUXZzkoVPvqHSuzto2ynnUHFXSLTVfW49eDa1hvH3eXjg==",
      "dev": true,
      "dependencies": {
        "@scramjet/api-client": "^0.26.1",
        "@scramjet/client-utils": "^0.26.1"
      }
    },
    "node_modules/@scramjet/middleware-api-client": {
      "version": "0.26.1",
      "resolved": "https://registry.npmjs.org/@scramjet/middleware-api-client/-/middleware-api-client-0.26.1.tgz",
      "integrity": "sha512-P3B8+J42EghXwatJoV7Di29eFlY83Vtwmsg7vjZ0xpVmOwcBHXlBHjRT2SfPFAxkIZoaHf+NxQ6vngwjBK1Szg==",
      "dev": true,
      "dependencies": {
        "@scramjet/api-client": "^0.26.1",
        "@scramjet/client-utils": "^0.26.1",
        "@scramjet/manager-api-client": "^0.26.1",
        "@scramjet/multi-manager-api-client": "^0.26.1"
      }
    },
    "node_modules/@scramjet/model": {
      "version": "0.26.1",
      "resolved": "https://registry.npmjs.org/@scramjet/model/-/model-0.26.1.tgz",
      "integrity": "sha512-IMMwzZnhyzZnWg/T+fOxH6Xek3X7pd3o/AvSk8fq0Kbissdivz1mLcxdVViirI+aLK+WlgFnHf19NIcZiJNSeQ==",
      "dev": true,
      "dependencies": {
        "@scramjet/obj-logger": "^0.26.1",
        "@scramjet/symbols": "^0.26.1",
        "scramjet": "^4.36.6",
        "uuid": "^8.3.2"
      }
    },
    "node_modules/@scramjet/multi-manager-api-client": {
      "version": "0.26.1",
      "resolved": "https://registry.npmjs.org/@scramjet/multi-manager-api-client/-/multi-manager-api-client-0.26.1.tgz",
      "integrity": "sha512-6Vqb4sMu6FBhFAucrKuE2AobSllN0FDStgivTH1TqWd9uc+IUmwxg6WymU0K/JNJS/POLXVw4WypIWfARlNpxg==",
      "dev": true,
      "dependencies": {
        "@scramjet/api-client": "^0.26.1",
        "@scramjet/client-utils": "^0.26.1",
        "@scramjet/manager-api-client": "^0.26.1"
      }
    },
    "node_modules/@scramjet/obj-logger": {
      "version": "0.26.1",
      "resolved": "https://registry.npmjs.org/@scramjet/obj-logger/-/obj-logger-0.26.1.tgz",
      "integrity": "sha512-ZXg0nYVEpcDrQYpvp357tVkZNHc7kA8Di0ubmROJ7CidPnfPtz6ALxEiucia+qu7TcPqVXhd6NoygLyefMI09g==",
      "dev": true,
      "dependencies": {
        "scramjet": "^4.36.6"
      }
    },
    "node_modules/@scramjet/sth-config": {
      "version": "0.26.1",
      "resolved": "https://registry.npmjs.org/@scramjet/sth-config/-/sth-config-0.26.1.tgz",
      "integrity": "sha512-uo+PeuOf71RxpJgo3hkTjYeJ8LvMzAiHLg6oP1g5huSXaYu8jvnF8W4eqaRHTZYapKkPE05f1rFYv81oUHnmKw==",
      "dev": true,
      "dependencies": {
        "@scramjet/utility": "^0.26.1"
      }
    },
    "node_modules/@scramjet/symbols": {
      "version": "0.26.1",
      "resolved": "https://registry.npmjs.org/@scramjet/symbols/-/symbols-0.26.1.tgz",
      "integrity": "sha512-Gce3/RbRE44bGhygDBX3dqwzZyrHAlZgSDw/z9fzgJ/t+qZ/f4neiwOCG95vaP0t9ymexCz18EjAJ2Jajd7hRw==",
      "dev": true
    },
    "node_modules/@scramjet/utility": {
      "version": "0.26.1",
      "resolved": "https://registry.npmjs.org/@scramjet/utility/-/utility-0.26.1.tgz",
      "integrity": "sha512-lcTnfA3j7Kg2bKChBlBqyVfrfoY1uUSP+jMA5jFS5omd8aw1w5YNAahRLe0UTWzCgxlgPQiOaOoFkVM5wNIjpA==",
      "dev": true,
      "dependencies": {
        "normalize-url": "^5.3.1"
      }
    },
    "node_modules/abort-controller": {
      "version": "3.0.0",
      "resolved": "https://registry.npmjs.org/abort-controller/-/abort-controller-3.0.0.tgz",
      "integrity": "sha512-h8lQ8tacZYnR3vNQTgibj+tODHI5/+l06Au2Pcriv/Gmet0eaj4TwWH41sO9wnHDiQsEj19q0drzdWdeAHtweg==",
      "dev": true,
      "dependencies": {
        "event-target-shim": "^5.0.0"
      },
      "engines": {
        "node": ">=6.5"
      }
    },
    "node_modules/ansi-styles": {
      "version": "4.3.0",
      "resolved": "https://registry.npmjs.org/ansi-styles/-/ansi-styles-4.3.0.tgz",
      "integrity": "sha512-zbB9rCJAT1rbjiVDb2hqKFHNYLxgtk8NURxZ3IZwD3F6NtxbXZQCnnSi1Lkx+IDohdPlFp222wVALIheZJQSEg==",
      "dev": true,
      "dependencies": {
        "color-convert": "^2.0.1"
      },
      "engines": {
        "node": ">=8"
      },
      "funding": {
        "url": "https://github.com/chalk/ansi-styles?sponsor=1"
      }
    },
    "node_modules/balanced-match": {
      "version": "1.0.2",
      "resolved": "https://registry.npmjs.org/balanced-match/-/balanced-match-1.0.2.tgz",
      "integrity": "sha512-3oSeUO0TMV67hN1AmbXsK4yaqU7tjiHlbxRDZOpH0KW9+CeX4bRAaX0Anxt0tx2MrpRpWwQaPwIlISEJhYU5Pw==",
      "dev": true
    },
    "node_modules/brace-expansion": {
      "version": "1.1.11",
      "resolved": "https://registry.npmjs.org/brace-expansion/-/brace-expansion-1.1.11.tgz",
      "integrity": "sha512-iCuPHDFgrHX7H2vEI/5xpz07zSHB00TpugqhmYtVmMO6518mCuRMoOYFldEBl0g187ufozdaHgWKcYFb61qGiA==",
      "dev": true,
      "dependencies": {
        "balanced-match": "^1.0.0",
        "concat-map": "0.0.1"
      }
    },
    "node_modules/chalk": {
      "version": "4.1.2",
      "resolved": "https://registry.npmjs.org/chalk/-/chalk-4.1.2.tgz",
      "integrity": "sha512-oKnbhFyRIXpUuez8iBMmyEa4nbj4IOQyuhc/wy9kY7/WVPcwIO9VA668Pu8RkO7+0G76SLROeyw9CpQ061i4mA==",
      "dev": true,
      "dependencies": {
        "ansi-styles": "^4.1.0",
        "supports-color": "^7.1.0"
      },
      "engines": {
        "node": ">=10"
      },
      "funding": {
        "url": "https://github.com/chalk/chalk?sponsor=1"
      }
    },
    "node_modules/chownr": {
      "version": "2.0.0",
      "resolved": "https://registry.npmjs.org/chownr/-/chownr-2.0.0.tgz",
      "integrity": "sha512-bIomtDF5KGpdogkLd9VspvFzk9KfpyyGlS8YFVZl7TGPBHL5snIOnxeshwVgPteQ9b4Eydl+pVbIyE1DcvCWgQ==",
      "dev": true,
      "engines": {
        "node": ">=10"
      }
    },
    "node_modules/clone": {
      "version": "0.1.19",
      "resolved": "https://registry.npmjs.org/clone/-/clone-0.1.19.tgz",
      "integrity": "sha512-IO78I0y6JcSpEPHzK4obKdsL7E7oLdRVDVOLwr2Hkbjsb+Eoz0dxW6tef0WizoKu0gLC4oZSZuEF4U2K6w1WQw==",
      "dev": true,
      "engines": {
        "node": "*"
      }
    },
    "node_modules/color-convert": {
      "version": "2.0.1",
      "resolved": "https://registry.npmjs.org/color-convert/-/color-convert-2.0.1.tgz",
      "integrity": "sha512-RRECPsj7iu/xb5oKYcsFHSppFNnsj/52OVTRKb4zP5onXwVF3zVmmToNcOfGC+CRDpfK/U584fMg38ZHCaElKQ==",
      "dev": true,
      "dependencies": {
        "color-name": "~1.1.4"
      },
      "engines": {
        "node": ">=7.0.0"
      }
    },
    "node_modules/color-name": {
      "version": "1.1.4",
      "resolved": "https://registry.npmjs.org/color-name/-/color-name-1.1.4.tgz",
      "integrity": "sha512-dOy+3AuW3a2wNbZHIuMZpTcgjGuLU/uBL/ubcZF9OXbDo8ff4O8yVp5Bf0efS8uEoYo5q4Fx7dY9OgQGXgAsQA==",
      "dev": true
    },
    "node_modules/commander": {
      "version": "8.3.0",
      "resolved": "https://registry.npmjs.org/commander/-/commander-8.3.0.tgz",
      "integrity": "sha512-OkTL9umf+He2DZkUq8f8J9of7yL6RJKI24dVITBmNfZBmri9zYZQrKkuXiKhyfPSu8tUhnVBB1iKXevvnlR4Ww==",
      "dev": true,
      "engines": {
        "node": ">= 12"
      }
    },
    "node_modules/commander-completion": {
      "version": "1.0.1",
      "resolved": "https://registry.npmjs.org/commander-completion/-/commander-completion-1.0.1.tgz",
      "integrity": "sha512-vB9PaGRqUgrVRkibVFnd4VTx7gPt+/SxJr8vYi1KWDMl00tEHQOfakmntCVx/TX7ZZxKF7XgVti4/iUVhbxdLA==",
      "dev": true,
      "dependencies": {
        "completion": "~1.0.1"
      },
      "engines": {
        "node": ">= 4.0.0"
      }
    },
    "node_modules/completion": {
      "version": "1.0.3",
      "resolved": "https://registry.npmjs.org/completion/-/completion-1.0.3.tgz",
      "integrity": "sha512-uptx4YCEYMtsq20x8X0LzuEALa+BAAFbByOSMInlDfiP7dw/8YuQSE2zbdr9yc2MvtCN/yKhO/cd4bNx7N1stg==",
      "dev": true,
      "dependencies": {
        "clone": "~0.1.16",
        "line-info": "~0.2.0"
      },
      "engines": {
        "node": ">= 0.8.0"
      }
    },
    "node_modules/concat-map": {
      "version": "0.0.1",
      "resolved": "https://registry.npmjs.org/concat-map/-/concat-map-0.0.1.tgz",
      "integrity": "sha512-/Srv4dswyQNBfohGpz9o6Yb3Gz3SrUDqBH5rTuhGR7ahtlbYKnVxw2bCFMRljaA7EXHaXZ8wsHdodFvbkhKmqg==",
      "dev": true
    },
    "node_modules/event-target-shim": {
      "version": "5.0.1",
      "resolved": "https://registry.npmjs.org/event-target-shim/-/event-target-shim-5.0.1.tgz",
      "integrity": "sha512-i/2XbnSz/uxRCU6+NdVJgKWDTM427+MqYbkQzD321DuCQJUqOuJKIA0IM2+W2xtYHdKOmZ4dR6fExsd4SXL+WQ==",
      "dev": true,
      "engines": {
        "node": ">=6"
      }
    },
    "node_modules/find-package-json": {
      "version": "1.2.0",
      "resolved": "https://registry.npmjs.org/find-package-json/-/find-package-json-1.2.0.tgz",
      "integrity": "sha512-+SOGcLGYDJHtyqHd87ysBhmaeQ95oWspDKnMXBrnQ9Eq4OkLNqejgoaD8xVWu6GPa0B6roa6KinCMEMcVeqONw==",
      "dev": true
    },
    "node_modules/fs-minipass": {
      "version": "2.1.0",
      "resolved": "https://registry.npmjs.org/fs-minipass/-/fs-minipass-2.1.0.tgz",
      "integrity": "sha512-V/JgOLFCS+R6Vcq0slCuaeWEdNC3ouDlJMNIsacH2VtALiu9mV4LPrHc5cDl8k5aw6J8jwgWWpiTo5RYhmIzvg==",
      "dev": true,
      "dependencies": {
        "minipass": "^3.0.0"
      },
      "engines": {
        "node": ">= 8"
      }
    },
    "node_modules/has-flag": {
      "version": "4.0.0",
      "resolved": "https://registry.npmjs.org/has-flag/-/has-flag-4.0.0.tgz",
      "integrity": "sha512-EykJT/Q1KjTWctppgIAgfSO0tKVuZUjhgMr17kqTumMl6Afv3EISleU7qZUzoXDFTAHTDC4NOoG/ZxU3EvlMPQ==",
      "dev": true,
      "engines": {
        "node": ">=8"
      }
    },
    "node_modules/line-info": {
      "version": "0.2.0",
      "resolved": "https://registry.npmjs.org/line-info/-/line-info-0.2.0.tgz",
      "integrity": "sha512-2EapVhnSTnRbRyvr27GmCJM9BouIM8YVzm2LhEZ9JT9emzeoSxDea+wJ72/uCGR5oOQSq5mveStDQecCp3mJjw==",
      "dev": true,
      "engines": {
        "node": ">= 0.8.0"
      }
    },
    "node_modules/minimatch": {
      "version": "3.1.2",
      "resolved": "https://registry.npmjs.org/minimatch/-/minimatch-3.1.2.tgz",
      "integrity": "sha512-J7p63hRiAjw1NDEww1W7i37+ByIrOWO5XQQAzZ3VOcL0PNybwpfmV/N05zFAzwQ9USyEcX6t3UO+K5aqBQOIHw==",
      "dev": true,
      "dependencies": {
        "brace-expansion": "^1.1.7"
      },
      "engines": {
        "node": "*"
      }
    },
    "node_modules/minipass": {
      "version": "3.3.4",
      "resolved": "https://registry.npmjs.org/minipass/-/minipass-3.3.4.tgz",
      "integrity": "sha512-I9WPbWHCGu8W+6k1ZiGpPu0GkoKBeorkfKNuAFBNS1HNFJvke82sxvI5bzcCNpWPorkOO5QQ+zomzzwRxejXiw==",
      "dev": true,
      "dependencies": {
        "yallist": "^4.0.0"
      },
      "engines": {
        "node": ">=8"
      }
    },
    "node_modules/minizlib": {
      "version": "2.1.2",
      "resolved": "https://registry.npmjs.org/minizlib/-/minizlib-2.1.2.tgz",
      "integrity": "sha512-bAxsR8BVfj60DWXHE3u30oHzfl4G7khkSuPW+qvpd7jFRHm7dLxOjUk1EHACJ/hxLY8phGJ0YhYHZo7jil7Qdg==",
      "dev": true,
      "dependencies": {
        "minipass": "^3.0.0",
        "yallist": "^4.0.0"
      },
      "engines": {
        "node": ">= 8"
      }
    },
    "node_modules/mkdirp": {
      "version": "1.0.4",
      "resolved": "https://registry.npmjs.org/mkdirp/-/mkdirp-1.0.4.tgz",
      "integrity": "sha512-vVqVZQyf3WLx2Shd0qJ9xuvqgAyKPLAiqITEtqW0oIUjzo3PePDd6fW9iFz30ef7Ysp/oiWqbhszeGWW2T6Gzw==",
      "dev": true,
      "bin": {
        "mkdirp": "bin/cmd.js"
      },
      "engines": {
        "node": ">=10"
      }
    },
    "node_modules/n-readlines": {
      "version": "1.0.1",
      "resolved": "https://registry.npmjs.org/n-readlines/-/n-readlines-1.0.1.tgz",
      "integrity": "sha512-z4SyAIVgMy7CkgsoNw7YVz40v0g4+WWvvqy8+ZdHrCtgevcEO758WQyrYcw3XPxcLxF+//RszTz/rO48nzD0wQ==",
      "dev": true,
      "engines": {
        "node": ">=6.x.x"
      }
    },
    "node_modules/node-fetch": {
      "version": "2.6.7",
      "resolved": "https://registry.npmjs.org/node-fetch/-/node-fetch-2.6.7.tgz",
      "integrity": "sha512-ZjMPFEfVx5j+y2yF35Kzx5sF7kDzxuDj6ziH4FFbOp87zKDZNx8yExJIb05OGF4Nlt9IHFIMBkRl41VdvcNdbQ==",
      "dev": true,
      "dependencies": {
        "whatwg-url": "^5.0.0"
      },
      "engines": {
        "node": "4.x || >=6.0.0"
      },
      "peerDependencies": {
        "encoding": "^0.1.0"
      },
      "peerDependenciesMeta": {
        "encoding": {
          "optional": true
        }
      }
    },
    "node_modules/normalize-url": {
      "version": "5.3.1",
      "resolved": "https://registry.npmjs.org/normalize-url/-/normalize-url-5.3.1.tgz",
      "integrity": "sha512-K1c7+vaAP+Yh5bOGmA10PGPpp+6h7WZrl7GwqKhUflBc9flU9pzG27DDeB9+iuhZkE3BJZOcgN1P/2sS5pqrWw==",
      "dev": true,
      "engines": {
        "node": ">=10"
      },
      "funding": {
        "url": "https://github.com/sponsors/sindresorhus"
      }
    },
    "node_modules/papaparse": {
      "version": "5.3.2",
      "resolved": "https://registry.npmjs.org/papaparse/-/papaparse-5.3.2.tgz",
      "integrity": "sha512-6dNZu0Ki+gyV0eBsFKJhYr+MdQYAzFUGlBMNj3GNrmHxmz1lfRa24CjFObPXtjcetlOv5Ad299MhIK0znp3afw==",
      "dev": true
    },
    "node_modules/rereadable-stream": {
      "version": "1.4.13",
      "resolved": "https://registry.npmjs.org/rereadable-stream/-/rereadable-stream-1.4.13.tgz",
      "integrity": "sha512-g/HAYvVm1nXgmUAnqL01Zl3spGkZ9jqqlvIwlNd5O5FjQilq5BU6FeH65pcYP8Sn5lCenbpJ/+wGfkmQKKfp6A==",
      "dev": true,
      "engines": {
        "node": ">=8.6.0"
      }
    },
    "node_modules/scramjet": {
      "version": "4.36.7",
      "resolved": "https://registry.npmjs.org/scramjet/-/scramjet-4.36.7.tgz",
      "integrity": "sha512-bgFQHjekH6zu0PIA4RvAROrwi/UgR99BKkUVVRBIhmNT/qd3RBzmP94vf3P/FuFvyTKSF9+wy9GNBL8jgwWW9A==",
      "dev": true,
      "funding": [
        {
          "type": "github",
          "url": "https://github.com/sponsors/scramjetorg"
        },
        {
          "type": "individual",
          "url": "https://www.paypal.com/cgi-bin/webscr?cmd=_s-xclick&hosted_button_id=7F7V65C43EBMW"
        }
      ],
      "dependencies": {
        "papaparse": "^5.3.2",
        "rereadable-stream": "^1.4.13",
        "scramjet-core": "^4.32.8"
      },
      "engines": {
        "node": ">=10.0.0"
      }
    },
    "node_modules/scramjet-core": {
      "version": "4.32.8",
      "resolved": "https://registry.npmjs.org/scramjet-core/-/scramjet-core-4.32.8.tgz",
      "integrity": "sha512-J3YRo9AaaU/xcqb2/dlsnGwzpqInTAYmWrf6Wn4IYegnO3UjZ79JsQBOYtXrG99wl8hLB2dVcsdAdwQ+wCX4CA==",
      "dev": true,
      "engines": {
        "node": ">=10.0.0"
      }
    },
    "node_modules/supports-color": {
      "version": "7.2.0",
      "resolved": "https://registry.npmjs.org/supports-color/-/supports-color-7.2.0.tgz",
      "integrity": "sha512-qpCAvRl9stuOHveKsn7HncJRvv501qIacKzQlO/+Lwxc9+0q2wLyv4Dfvt80/DPn2pqOBsJdDiogXGR9+OvwRw==",
      "dev": true,
      "dependencies": {
        "has-flag": "^4.0.0"
      },
      "engines": {
        "node": ">=8"
      }
    },
    "node_modules/tar": {
      "version": "6.1.11",
      "resolved": "https://registry.npmjs.org/tar/-/tar-6.1.11.tgz",
      "integrity": "sha512-an/KZQzQUkZCkuoAA64hM92X0Urb6VpRhAFllDzz44U2mcD5scmT3zBc4VgVpkugF580+DQn8eAFSyoQt0tznA==",
      "dev": true,
      "dependencies": {
        "chownr": "^2.0.0",
        "fs-minipass": "^2.0.0",
        "minipass": "^3.0.0",
        "minizlib": "^2.1.1",
        "mkdirp": "^1.0.3",
        "yallist": "^4.0.0"
      },
      "engines": {
        "node": ">= 10"
      }
    },
    "node_modules/tr46": {
      "version": "0.0.3",
      "resolved": "https://registry.npmjs.org/tr46/-/tr46-0.0.3.tgz",
      "integrity": "sha512-N3WMsuqV66lT30CrXNbEjx4GEwlow3v6rr4mCcv6prnfwhS01rkgyFdjPNBYd9br7LpXV1+Emh01fHnq2Gdgrw==",
      "dev": true
    },
    "node_modules/uuid": {
      "version": "8.3.2",
      "resolved": "https://registry.npmjs.org/uuid/-/uuid-8.3.2.tgz",
      "integrity": "sha512-+NYs2QeMWy+GWFOEm9xnn6HCDp0l7QBD7ml8zLUmJ+93Q5NF0NocErnwkTkXVFNiX3/fpC6afS8Dhb/gz7R7eg==",
      "dev": true,
      "bin": {
        "uuid": "dist/bin/uuid"
      }
    },
    "node_modules/validator": {
      "version": "13.7.0",
      "resolved": "https://registry.npmjs.org/validator/-/validator-13.7.0.tgz",
      "integrity": "sha512-nYXQLCBkpJ8X6ltALua9dRrZDHVYxjJ1wgskNt1lH9fzGjs3tgojGSCBjmEPwkWS1y29+DrizMTW19Pr9uB2nw==",
      "dev": true,
      "engines": {
        "node": ">= 0.10"
      }
    },
    "node_modules/webidl-conversions": {
      "version": "3.0.1",
      "resolved": "https://registry.npmjs.org/webidl-conversions/-/webidl-conversions-3.0.1.tgz",
      "integrity": "sha512-2JAn3z8AR6rjK8Sm8orRC0h/bcl/DqL7tRPdGZ4I1CjdF+EaMLmYxBHyXuKL849eucPFhvBoxMsflfOb8kxaeQ==",
      "dev": true
    },
    "node_modules/whatwg-url": {
      "version": "5.0.0",
      "resolved": "https://registry.npmjs.org/whatwg-url/-/whatwg-url-5.0.0.tgz",
      "integrity": "sha512-saE57nupxk6v3HY35+jzBwYa0rKSy0XR8JSxZPwgLr7ys0IBzhGviA1/TUGJLmSVqs8pb9AnvICXEuOHLprYTw==",
      "dev": true,
      "dependencies": {
        "tr46": "~0.0.3",
        "webidl-conversions": "^3.0.0"
      }
    },
    "node_modules/yallist": {
      "version": "4.0.0",
      "resolved": "https://registry.npmjs.org/yallist/-/yallist-4.0.0.tgz",
      "integrity": "sha512-3wdGidZyq5PB084XLES5TpOSRA3wjXAlIWMhum2kRcv/41Sn2emQ0dycQW4uZXLejwKvg6EsvbdlVL+FYEct7A==",
      "dev": true
    }
  },
  "dependencies": {
    "@scramjet/api-client": {
      "version": "0.26.1",
      "resolved": "https://registry.npmjs.org/@scramjet/api-client/-/api-client-0.26.1.tgz",
      "integrity": "sha512-oxF10e2JRQyP7ItISew6wPdgeI44vxi6YyLwmR6JEcIHg9qDbN0jyOF2BKb0HtOhG9YofUdMr+NwGK+GPmrBWQ==",
      "dev": true,
      "requires": {
        "@scramjet/client-utils": "^0.26.1",
        "@scramjet/sth-config": "^0.26.1",
        "@scramjet/symbols": "^0.26.1",
        "n-readlines": "^1.0.1",
        "scramjet": "^4.36.6"
      }
    },
    "@scramjet/cli": {
      "version": "0.26.1",
      "resolved": "https://registry.npmjs.org/@scramjet/cli/-/cli-0.26.1.tgz",
      "integrity": "sha512-DtYY6Nh2FXWIzqVUYs6th++lwUImWGPlPGBUy2qB18oJnVGFjSiFDLLE6gUr+/I7sUxRYnqdPBEbz5KUW5BOmA==",
      "dev": true,
      "requires": {
        "@scramjet/api-client": "^0.26.1",
        "@scramjet/client-utils": "^0.26.1",
        "@scramjet/middleware-api-client": "^0.26.1",
        "@scramjet/obj-logger": "^0.26.1",
        "@scramjet/utility": "^0.26.1",
        "chalk": "^4.1.2",
        "commander": "^8.3.0",
        "commander-completion": "^1.0.1",
        "find-package-json": "^1.2.0",
        "minimatch": "^3.1.2",
        "scramjet": "^4.36.6",
        "tar": "^6.1.11",
        "validator": "^13.7.0"
      }
    },
    "@scramjet/client-utils": {
      "version": "0.26.1",
      "resolved": "https://registry.npmjs.org/@scramjet/client-utils/-/client-utils-0.26.1.tgz",
      "integrity": "sha512-MRGD75yOfEimDEvSsIzrgW+MN5T7n49xzuCe0VXSUbfY5ALPhJnkCoPIEe45E9/L6G+VqWtCjBIhctReeGTJUQ==",
      "dev": true,
      "requires": {
        "@scramjet/model": "^0.26.1",
        "@scramjet/obj-logger": "^0.26.1",
        "@scramjet/sth-config": "^0.26.1",
        "@scramjet/symbols": "^0.26.1",
        "@scramjet/utility": "^0.26.1",
        "abort-controller": "^3.0.0",
        "n-readlines": "^1.0.1",
        "node-fetch": "^2.6.7",
        "normalize-url": "^5.3.1",
        "scramjet": "^4.36.6"
      }
    },
    "@scramjet/manager-api-client": {
      "version": "0.26.1",
      "resolved": "https://registry.npmjs.org/@scramjet/manager-api-client/-/manager-api-client-0.26.1.tgz",
      "integrity": "sha512-VO+a1lf67jQPNhXhiIik0vxnuM9tpTrVtU7hK1dXaMUXZzkoVPvqHSuzto2ynnUHFXSLTVfW49eDa1hvH3eXjg==",
      "dev": true,
      "requires": {
        "@scramjet/api-client": "^0.26.1",
        "@scramjet/client-utils": "^0.26.1"
      }
    },
    "@scramjet/middleware-api-client": {
      "version": "0.26.1",
      "resolved": "https://registry.npmjs.org/@scramjet/middleware-api-client/-/middleware-api-client-0.26.1.tgz",
      "integrity": "sha512-P3B8+J42EghXwatJoV7Di29eFlY83Vtwmsg7vjZ0xpVmOwcBHXlBHjRT2SfPFAxkIZoaHf+NxQ6vngwjBK1Szg==",
      "dev": true,
      "requires": {
        "@scramjet/api-client": "^0.26.1",
        "@scramjet/client-utils": "^0.26.1",
        "@scramjet/manager-api-client": "^0.26.1",
        "@scramjet/multi-manager-api-client": "^0.26.1"
      }
    },
    "@scramjet/model": {
      "version": "0.26.1",
      "resolved": "https://registry.npmjs.org/@scramjet/model/-/model-0.26.1.tgz",
      "integrity": "sha512-IMMwzZnhyzZnWg/T+fOxH6Xek3X7pd3o/AvSk8fq0Kbissdivz1mLcxdVViirI+aLK+WlgFnHf19NIcZiJNSeQ==",
      "dev": true,
      "requires": {
        "@scramjet/obj-logger": "^0.26.1",
        "@scramjet/symbols": "^0.26.1",
        "scramjet": "^4.36.6",
        "uuid": "^8.3.2"
      }
    },
    "@scramjet/multi-manager-api-client": {
      "version": "0.26.1",
      "resolved": "https://registry.npmjs.org/@scramjet/multi-manager-api-client/-/multi-manager-api-client-0.26.1.tgz",
      "integrity": "sha512-6Vqb4sMu6FBhFAucrKuE2AobSllN0FDStgivTH1TqWd9uc+IUmwxg6WymU0K/JNJS/POLXVw4WypIWfARlNpxg==",
      "dev": true,
      "requires": {
        "@scramjet/api-client": "^0.26.1",
        "@scramjet/client-utils": "^0.26.1",
        "@scramjet/manager-api-client": "^0.26.1"
      }
    },
    "@scramjet/obj-logger": {
      "version": "0.26.1",
      "resolved": "https://registry.npmjs.org/@scramjet/obj-logger/-/obj-logger-0.26.1.tgz",
      "integrity": "sha512-ZXg0nYVEpcDrQYpvp357tVkZNHc7kA8Di0ubmROJ7CidPnfPtz6ALxEiucia+qu7TcPqVXhd6NoygLyefMI09g==",
      "dev": true,
      "requires": {
        "scramjet": "^4.36.6"
      }
    },
    "@scramjet/sth-config": {
      "version": "0.26.1",
      "resolved": "https://registry.npmjs.org/@scramjet/sth-config/-/sth-config-0.26.1.tgz",
      "integrity": "sha512-uo+PeuOf71RxpJgo3hkTjYeJ8LvMzAiHLg6oP1g5huSXaYu8jvnF8W4eqaRHTZYapKkPE05f1rFYv81oUHnmKw==",
      "dev": true,
      "requires": {
        "@scramjet/utility": "^0.26.1"
      }
    },
    "@scramjet/symbols": {
      "version": "0.26.1",
      "resolved": "https://registry.npmjs.org/@scramjet/symbols/-/symbols-0.26.1.tgz",
      "integrity": "sha512-Gce3/RbRE44bGhygDBX3dqwzZyrHAlZgSDw/z9fzgJ/t+qZ/f4neiwOCG95vaP0t9ymexCz18EjAJ2Jajd7hRw==",
      "dev": true
    },
    "@scramjet/utility": {
      "version": "0.26.1",
      "resolved": "https://registry.npmjs.org/@scramjet/utility/-/utility-0.26.1.tgz",
      "integrity": "sha512-lcTnfA3j7Kg2bKChBlBqyVfrfoY1uUSP+jMA5jFS5omd8aw1w5YNAahRLe0UTWzCgxlgPQiOaOoFkVM5wNIjpA==",
      "dev": true,
      "requires": {
        "normalize-url": "^5.3.1"
      }
    },
    "abort-controller": {
      "version": "3.0.0",
      "resolved": "https://registry.npmjs.org/abort-controller/-/abort-controller-3.0.0.tgz",
      "integrity": "sha512-h8lQ8tacZYnR3vNQTgibj+tODHI5/+l06Au2Pcriv/Gmet0eaj4TwWH41sO9wnHDiQsEj19q0drzdWdeAHtweg==",
      "dev": true,
      "requires": {
        "event-target-shim": "^5.0.0"
      }
    },
    "ansi-styles": {
      "version": "4.3.0",
      "resolved": "https://registry.npmjs.org/ansi-styles/-/ansi-styles-4.3.0.tgz",
      "integrity": "sha512-zbB9rCJAT1rbjiVDb2hqKFHNYLxgtk8NURxZ3IZwD3F6NtxbXZQCnnSi1Lkx+IDohdPlFp222wVALIheZJQSEg==",
      "dev": true,
      "requires": {
        "color-convert": "^2.0.1"
      }
    },
    "balanced-match": {
      "version": "1.0.2",
      "resolved": "https://registry.npmjs.org/balanced-match/-/balanced-match-1.0.2.tgz",
      "integrity": "sha512-3oSeUO0TMV67hN1AmbXsK4yaqU7tjiHlbxRDZOpH0KW9+CeX4bRAaX0Anxt0tx2MrpRpWwQaPwIlISEJhYU5Pw==",
      "dev": true
    },
    "brace-expansion": {
      "version": "1.1.11",
      "resolved": "https://registry.npmjs.org/brace-expansion/-/brace-expansion-1.1.11.tgz",
      "integrity": "sha512-iCuPHDFgrHX7H2vEI/5xpz07zSHB00TpugqhmYtVmMO6518mCuRMoOYFldEBl0g187ufozdaHgWKcYFb61qGiA==",
      "dev": true,
      "requires": {
        "balanced-match": "^1.0.0",
        "concat-map": "0.0.1"
      }
    },
    "chalk": {
      "version": "4.1.2",
      "resolved": "https://registry.npmjs.org/chalk/-/chalk-4.1.2.tgz",
      "integrity": "sha512-oKnbhFyRIXpUuez8iBMmyEa4nbj4IOQyuhc/wy9kY7/WVPcwIO9VA668Pu8RkO7+0G76SLROeyw9CpQ061i4mA==",
      "dev": true,
      "requires": {
        "ansi-styles": "^4.1.0",
        "supports-color": "^7.1.0"
      }
    },
    "chownr": {
      "version": "2.0.0",
      "resolved": "https://registry.npmjs.org/chownr/-/chownr-2.0.0.tgz",
      "integrity": "sha512-bIomtDF5KGpdogkLd9VspvFzk9KfpyyGlS8YFVZl7TGPBHL5snIOnxeshwVgPteQ9b4Eydl+pVbIyE1DcvCWgQ==",
      "dev": true
    },
    "clone": {
      "version": "0.1.19",
      "resolved": "https://registry.npmjs.org/clone/-/clone-0.1.19.tgz",
      "integrity": "sha512-IO78I0y6JcSpEPHzK4obKdsL7E7oLdRVDVOLwr2Hkbjsb+Eoz0dxW6tef0WizoKu0gLC4oZSZuEF4U2K6w1WQw==",
      "dev": true
    },
    "color-convert": {
      "version": "2.0.1",
      "resolved": "https://registry.npmjs.org/color-convert/-/color-convert-2.0.1.tgz",
      "integrity": "sha512-RRECPsj7iu/xb5oKYcsFHSppFNnsj/52OVTRKb4zP5onXwVF3zVmmToNcOfGC+CRDpfK/U584fMg38ZHCaElKQ==",
      "dev": true,
      "requires": {
        "color-name": "~1.1.4"
      }
    },
    "color-name": {
      "version": "1.1.4",
      "resolved": "https://registry.npmjs.org/color-name/-/color-name-1.1.4.tgz",
      "integrity": "sha512-dOy+3AuW3a2wNbZHIuMZpTcgjGuLU/uBL/ubcZF9OXbDo8ff4O8yVp5Bf0efS8uEoYo5q4Fx7dY9OgQGXgAsQA==",
      "dev": true
    },
    "commander": {
      "version": "8.3.0",
      "resolved": "https://registry.npmjs.org/commander/-/commander-8.3.0.tgz",
      "integrity": "sha512-OkTL9umf+He2DZkUq8f8J9of7yL6RJKI24dVITBmNfZBmri9zYZQrKkuXiKhyfPSu8tUhnVBB1iKXevvnlR4Ww==",
      "dev": true
    },
    "commander-completion": {
      "version": "1.0.1",
      "resolved": "https://registry.npmjs.org/commander-completion/-/commander-completion-1.0.1.tgz",
      "integrity": "sha512-vB9PaGRqUgrVRkibVFnd4VTx7gPt+/SxJr8vYi1KWDMl00tEHQOfakmntCVx/TX7ZZxKF7XgVti4/iUVhbxdLA==",
      "dev": true,
      "requires": {
        "completion": "~1.0.1"
      }
    },
    "completion": {
      "version": "1.0.3",
      "resolved": "https://registry.npmjs.org/completion/-/completion-1.0.3.tgz",
      "integrity": "sha512-uptx4YCEYMtsq20x8X0LzuEALa+BAAFbByOSMInlDfiP7dw/8YuQSE2zbdr9yc2MvtCN/yKhO/cd4bNx7N1stg==",
      "dev": true,
      "requires": {
        "clone": "~0.1.16",
        "line-info": "~0.2.0"
      }
    },
    "concat-map": {
      "version": "0.0.1",
      "resolved": "https://registry.npmjs.org/concat-map/-/concat-map-0.0.1.tgz",
      "integrity": "sha512-/Srv4dswyQNBfohGpz9o6Yb3Gz3SrUDqBH5rTuhGR7ahtlbYKnVxw2bCFMRljaA7EXHaXZ8wsHdodFvbkhKmqg==",
      "dev": true
    },
    "event-target-shim": {
      "version": "5.0.1",
      "resolved": "https://registry.npmjs.org/event-target-shim/-/event-target-shim-5.0.1.tgz",
      "integrity": "sha512-i/2XbnSz/uxRCU6+NdVJgKWDTM427+MqYbkQzD321DuCQJUqOuJKIA0IM2+W2xtYHdKOmZ4dR6fExsd4SXL+WQ==",
      "dev": true
    },
    "find-package-json": {
      "version": "1.2.0",
      "resolved": "https://registry.npmjs.org/find-package-json/-/find-package-json-1.2.0.tgz",
      "integrity": "sha512-+SOGcLGYDJHtyqHd87ysBhmaeQ95oWspDKnMXBrnQ9Eq4OkLNqejgoaD8xVWu6GPa0B6roa6KinCMEMcVeqONw==",
      "dev": true
    },
    "fs-minipass": {
      "version": "2.1.0",
      "resolved": "https://registry.npmjs.org/fs-minipass/-/fs-minipass-2.1.0.tgz",
      "integrity": "sha512-V/JgOLFCS+R6Vcq0slCuaeWEdNC3ouDlJMNIsacH2VtALiu9mV4LPrHc5cDl8k5aw6J8jwgWWpiTo5RYhmIzvg==",
      "dev": true,
      "requires": {
        "minipass": "^3.0.0"
      }
    },
    "has-flag": {
      "version": "4.0.0",
      "resolved": "https://registry.npmjs.org/has-flag/-/has-flag-4.0.0.tgz",
      "integrity": "sha512-EykJT/Q1KjTWctppgIAgfSO0tKVuZUjhgMr17kqTumMl6Afv3EISleU7qZUzoXDFTAHTDC4NOoG/ZxU3EvlMPQ==",
      "dev": true
    },
    "line-info": {
      "version": "0.2.0",
      "resolved": "https://registry.npmjs.org/line-info/-/line-info-0.2.0.tgz",
      "integrity": "sha512-2EapVhnSTnRbRyvr27GmCJM9BouIM8YVzm2LhEZ9JT9emzeoSxDea+wJ72/uCGR5oOQSq5mveStDQecCp3mJjw==",
      "dev": true
    },
    "minimatch": {
      "version": "3.1.2",
      "resolved": "https://registry.npmjs.org/minimatch/-/minimatch-3.1.2.tgz",
      "integrity": "sha512-J7p63hRiAjw1NDEww1W7i37+ByIrOWO5XQQAzZ3VOcL0PNybwpfmV/N05zFAzwQ9USyEcX6t3UO+K5aqBQOIHw==",
      "dev": true,
      "requires": {
        "brace-expansion": "^1.1.7"
      }
    },
    "minipass": {
      "version": "3.3.4",
      "resolved": "https://registry.npmjs.org/minipass/-/minipass-3.3.4.tgz",
      "integrity": "sha512-I9WPbWHCGu8W+6k1ZiGpPu0GkoKBeorkfKNuAFBNS1HNFJvke82sxvI5bzcCNpWPorkOO5QQ+zomzzwRxejXiw==",
      "dev": true,
      "requires": {
        "yallist": "^4.0.0"
      }
    },
    "minizlib": {
      "version": "2.1.2",
      "resolved": "https://registry.npmjs.org/minizlib/-/minizlib-2.1.2.tgz",
      "integrity": "sha512-bAxsR8BVfj60DWXHE3u30oHzfl4G7khkSuPW+qvpd7jFRHm7dLxOjUk1EHACJ/hxLY8phGJ0YhYHZo7jil7Qdg==",
      "dev": true,
      "requires": {
        "minipass": "^3.0.0",
        "yallist": "^4.0.0"
      }
    },
    "mkdirp": {
      "version": "1.0.4",
      "resolved": "https://registry.npmjs.org/mkdirp/-/mkdirp-1.0.4.tgz",
      "integrity": "sha512-vVqVZQyf3WLx2Shd0qJ9xuvqgAyKPLAiqITEtqW0oIUjzo3PePDd6fW9iFz30ef7Ysp/oiWqbhszeGWW2T6Gzw==",
      "dev": true
    },
    "n-readlines": {
      "version": "1.0.1",
      "resolved": "https://registry.npmjs.org/n-readlines/-/n-readlines-1.0.1.tgz",
      "integrity": "sha512-z4SyAIVgMy7CkgsoNw7YVz40v0g4+WWvvqy8+ZdHrCtgevcEO758WQyrYcw3XPxcLxF+//RszTz/rO48nzD0wQ==",
      "dev": true
    },
    "node-fetch": {
      "version": "2.6.7",
      "resolved": "https://registry.npmjs.org/node-fetch/-/node-fetch-2.6.7.tgz",
      "integrity": "sha512-ZjMPFEfVx5j+y2yF35Kzx5sF7kDzxuDj6ziH4FFbOp87zKDZNx8yExJIb05OGF4Nlt9IHFIMBkRl41VdvcNdbQ==",
      "dev": true,
      "requires": {
        "whatwg-url": "^5.0.0"
      }
    },
    "normalize-url": {
      "version": "5.3.1",
      "resolved": "https://registry.npmjs.org/normalize-url/-/normalize-url-5.3.1.tgz",
      "integrity": "sha512-K1c7+vaAP+Yh5bOGmA10PGPpp+6h7WZrl7GwqKhUflBc9flU9pzG27DDeB9+iuhZkE3BJZOcgN1P/2sS5pqrWw==",
      "dev": true
    },
    "papaparse": {
      "version": "5.3.2",
      "resolved": "https://registry.npmjs.org/papaparse/-/papaparse-5.3.2.tgz",
      "integrity": "sha512-6dNZu0Ki+gyV0eBsFKJhYr+MdQYAzFUGlBMNj3GNrmHxmz1lfRa24CjFObPXtjcetlOv5Ad299MhIK0znp3afw==",
      "dev": true
    },
    "rereadable-stream": {
      "version": "1.4.13",
      "resolved": "https://registry.npmjs.org/rereadable-stream/-/rereadable-stream-1.4.13.tgz",
      "integrity": "sha512-g/HAYvVm1nXgmUAnqL01Zl3spGkZ9jqqlvIwlNd5O5FjQilq5BU6FeH65pcYP8Sn5lCenbpJ/+wGfkmQKKfp6A==",
      "dev": true
    },
    "scramjet": {
      "version": "4.36.7",
      "resolved": "https://registry.npmjs.org/scramjet/-/scramjet-4.36.7.tgz",
      "integrity": "sha512-bgFQHjekH6zu0PIA4RvAROrwi/UgR99BKkUVVRBIhmNT/qd3RBzmP94vf3P/FuFvyTKSF9+wy9GNBL8jgwWW9A==",
      "dev": true,
      "requires": {
        "papaparse": "^5.3.2",
        "rereadable-stream": "^1.4.13",
        "scramjet-core": "^4.32.8"
      }
    },
    "scramjet-core": {
      "version": "4.32.8",
      "resolved": "https://registry.npmjs.org/scramjet-core/-/scramjet-core-4.32.8.tgz",
      "integrity": "sha512-J3YRo9AaaU/xcqb2/dlsnGwzpqInTAYmWrf6Wn4IYegnO3UjZ79JsQBOYtXrG99wl8hLB2dVcsdAdwQ+wCX4CA==",
      "dev": true
    },
    "supports-color": {
      "version": "7.2.0",
      "resolved": "https://registry.npmjs.org/supports-color/-/supports-color-7.2.0.tgz",
      "integrity": "sha512-qpCAvRl9stuOHveKsn7HncJRvv501qIacKzQlO/+Lwxc9+0q2wLyv4Dfvt80/DPn2pqOBsJdDiogXGR9+OvwRw==",
      "dev": true,
      "requires": {
        "has-flag": "^4.0.0"
      }
    },
    "tar": {
      "version": "6.1.11",
      "resolved": "https://registry.npmjs.org/tar/-/tar-6.1.11.tgz",
      "integrity": "sha512-an/KZQzQUkZCkuoAA64hM92X0Urb6VpRhAFllDzz44U2mcD5scmT3zBc4VgVpkugF580+DQn8eAFSyoQt0tznA==",
      "dev": true,
      "requires": {
        "chownr": "^2.0.0",
        "fs-minipass": "^2.0.0",
        "minipass": "^3.0.0",
        "minizlib": "^2.1.1",
        "mkdirp": "^1.0.3",
        "yallist": "^4.0.0"
      }
    },
    "tr46": {
      "version": "0.0.3",
      "resolved": "https://registry.npmjs.org/tr46/-/tr46-0.0.3.tgz",
      "integrity": "sha512-N3WMsuqV66lT30CrXNbEjx4GEwlow3v6rr4mCcv6prnfwhS01rkgyFdjPNBYd9br7LpXV1+Emh01fHnq2Gdgrw==",
      "dev": true
    },
    "uuid": {
      "version": "8.3.2",
      "resolved": "https://registry.npmjs.org/uuid/-/uuid-8.3.2.tgz",
      "integrity": "sha512-+NYs2QeMWy+GWFOEm9xnn6HCDp0l7QBD7ml8zLUmJ+93Q5NF0NocErnwkTkXVFNiX3/fpC6afS8Dhb/gz7R7eg==",
      "dev": true
    },
    "validator": {
      "version": "13.7.0",
      "resolved": "https://registry.npmjs.org/validator/-/validator-13.7.0.tgz",
      "integrity": "sha512-nYXQLCBkpJ8X6ltALua9dRrZDHVYxjJ1wgskNt1lH9fzGjs3tgojGSCBjmEPwkWS1y29+DrizMTW19Pr9uB2nw==",
      "dev": true
    },
    "webidl-conversions": {
      "version": "3.0.1",
      "resolved": "https://registry.npmjs.org/webidl-conversions/-/webidl-conversions-3.0.1.tgz",
      "integrity": "sha512-2JAn3z8AR6rjK8Sm8orRC0h/bcl/DqL7tRPdGZ4I1CjdF+EaMLmYxBHyXuKL849eucPFhvBoxMsflfOb8kxaeQ==",
      "dev": true
    },
    "whatwg-url": {
      "version": "5.0.0",
      "resolved": "https://registry.npmjs.org/whatwg-url/-/whatwg-url-5.0.0.tgz",
      "integrity": "sha512-saE57nupxk6v3HY35+jzBwYa0rKSy0XR8JSxZPwgLr7ys0IBzhGviA1/TUGJLmSVqs8pb9AnvICXEuOHLprYTw==",
      "dev": true,
      "requires": {
        "tr46": "~0.0.3",
        "webidl-conversions": "^3.0.0"
      }
    },
    "yallist": {
      "version": "4.0.0",
      "resolved": "https://registry.npmjs.org/yallist/-/yallist-4.0.0.tgz",
      "integrity": "sha512-3wdGidZyq5PB084XLES5TpOSRA3wjXAlIWMhum2kRcv/41Sn2emQ0dycQW4uZXLejwKvg6EsvbdlVL+FYEct7A==",
      "dev": true
    }
  }
}
