{
  "name": "@scramjet/simple-counter-js",
  "version": "0.13.1",
  "lockfileVersion": 2,
  "requires": true,
  "packages": {
    "": {
      "name": "@scramjet/simple-counter-js",
      "version": "0.13.1",
      "dependencies": {
        "scramjet": "^4.35.20"
      },
      "engines": {
        "node": ">=14"
      }
    },
    "node_modules/papaparse": {
      "version": "5.3.1",
      "resolved": "https://registry.npmjs.org/papaparse/-/papaparse-5.3.1.tgz",
      "integrity": "sha512-Dbt2yjLJrCwH2sRqKFFJaN5XgIASO9YOFeFP8rIBRG2Ain8mqk5r1M6DkfvqEVozVcz3r3HaUGw253hA1nLIcA=="
    },
    "node_modules/rereadable-stream": {
      "version": "1.4.13",
      "resolved": "https://registry.npmjs.org/rereadable-stream/-/rereadable-stream-1.4.13.tgz",
      "integrity": "sha512-g/HAYvVm1nXgmUAnqL01Zl3spGkZ9jqqlvIwlNd5O5FjQilq5BU6FeH65pcYP8Sn5lCenbpJ/+wGfkmQKKfp6A==",
      "engines": {
        "node": ">=8.6.0"
      }
    },
    "node_modules/scramjet": {
      "version": "4.36.1",
      "resolved": "https://registry.npmjs.org/scramjet/-/scramjet-4.36.1.tgz",
      "integrity": "sha512-YUu47T/ZPBFOwxIWGbjQQR6NHtM1EOSueD4SQgQ5+A0U9ZYgd7skU65KSoSxAikuEj65SDWsoZ+mUiphe7Mv0A==",
      "funding": [
        {
          "type": "github",
          "url": "https://github.com/sponsors/scramjetorg"
        },
        {
          "type": "individual",
          "url": "https://www.paypal.com/cgi-bin/webscr?cmd=_s-xclick&hosted_button_id=7F7V65C43EBMW"
        }
      ],
      "dependencies": {
        "papaparse": "^5.3.1",
        "rereadable-stream": "^1.4.12",
        "scramjet-core": "^4.32.1"
      },
      "engines": {
        "node": ">=10.0.0"
      }
    },
    "node_modules/scramjet-core": {
      "version": "4.32.2",
      "resolved": "https://registry.npmjs.org/scramjet-core/-/scramjet-core-4.32.2.tgz",
      "integrity": "sha512-EST5NSFwKsiUc6yO0SUEImptI18SlQ/NeYW9hdaXWUi1KHb0+pWZak3XvuzefL7uNipB6zjPCQUZzz/SpBcgJw==",
      "engines": {
        "node": ">=10.0.0"
      }
    }
  },
  "dependencies": {
    "papaparse": {
      "version": "5.3.1",
      "resolved": "https://registry.npmjs.org/papaparse/-/papaparse-5.3.1.tgz",
      "integrity": "sha512-Dbt2yjLJrCwH2sRqKFFJaN5XgIASO9YOFeFP8rIBRG2Ain8mqk5r1M6DkfvqEVozVcz3r3HaUGw253hA1nLIcA=="
    },
    "rereadable-stream": {
      "version": "1.4.13",
      "resolved": "https://registry.npmjs.org/rereadable-stream/-/rereadable-stream-1.4.13.tgz",
      "integrity": "sha512-g/HAYvVm1nXgmUAnqL01Zl3spGkZ9jqqlvIwlNd5O5FjQilq5BU6FeH65pcYP8Sn5lCenbpJ/+wGfkmQKKfp6A=="
    },
    "scramjet": {
      "version": "4.36.1",
      "resolved": "https://registry.npmjs.org/scramjet/-/scramjet-4.36.1.tgz",
      "integrity": "sha512-YUu47T/ZPBFOwxIWGbjQQR6NHtM1EOSueD4SQgQ5+A0U9ZYgd7skU65KSoSxAikuEj65SDWsoZ+mUiphe7Mv0A==",
      "requires": {
        "papaparse": "^5.3.1",
        "rereadable-stream": "^1.4.12",
        "scramjet-core": "^4.32.1"
      }
    },
    "scramjet-core": {
      "version": "4.32.2",
      "resolved": "https://registry.npmjs.org/scramjet-core/-/scramjet-core-4.32.2.tgz",
      "integrity": "sha512-EST5NSFwKsiUc6yO0SUEImptI18SlQ/NeYW9hdaXWUi1KHb0+pWZak3XvuzefL7uNipB6zjPCQUZzz/SpBcgJw=="
    }
  }
}
