# THIS IS AN AUTOGENERATED FILE. DO NOT EDIT THIS FILE DIRECTLY.
# yarn lockfile v1


"@scramjet/symbols@^0.11.0":
  version "0.11.0"
  resolved "https://repo.int.scp.ovh/repository/npm-all/@scramjet/symbols/-/symbols-0.11.0.tgz#7d7444cbd05f1fadbd7652e841c4961285c85773"
  integrity sha512-UTuQVFy3IuG+un1B//k9dDoZEngsP0irJtTQamhzx5cd7AQzJUfGpwPVfgMhjcyEBKVrrGOUJIBFXO0cg8B0jw==

"@scramjet/types@^0.11.0-0":
  version "0.11.0"
  resolved "https://repo.int.scp.ovh/repository/npm-all/@scramjet/types/-/types-0.11.0.tgz#3ac9842369c3ba31252155685799dd25825956af"
  integrity sha512-Su84o3LxbsETCdm5I2LTYOaWjbsMM4XFPLzMSc4L2znAmnpZQf9D1q32frvPFb9vZRHHn9Cn3jkdyWAqC1eT0g==
  dependencies:
    "@scramjet/symbols" "^0.11.0"

"@types/node@15.12.5":
  version "15.12.5"
  resolved "https://repo.int.scp.ovh/repository/npm-all/@types/node/-/node-15.12.5.tgz#9a78318a45d75c9523d2396131bd3cca54b2d185"
  integrity sha512-se3yX7UHv5Bscf8f1ERKvQOD6sTyycH3hdaoozvaLxgUiY5lIGEeH37AD0G0Qi9kPqihPn0HOfd2yaIEN9VwEg==

node-fetch@^2.6.1:
  version "2.6.1"
  resolved "https://repo.int.scp.ovh/repository/npm-all/node-fetch/-/node-fetch-2.6.1.tgz#045bd323631f76ed2e2b55573394416b639a0052"
  integrity sha512-V4aYg89jEoVRxRb2fJdAg8FHvI7cEyYdVAh94HH0UIK8oJxUfkjlDQN9RbMx+bEjP7+ggMiFRprSti032Oipxw==

papaparse@^5.3.1:
  version "5.3.1"
  resolved "https://repo.int.scp.ovh/repository/npm-all/papaparse/-/papaparse-5.3.1.tgz#770b7a9124d821d4b2132132b7bd7dce7194b5b1"
  integrity sha512-Dbt2yjLJrCwH2sRqKFFJaN5XgIASO9YOFeFP8rIBRG2Ain8mqk5r1M6DkfvqEVozVcz3r3HaUGw253hA1nLIcA==

rereadable-stream@^1.4.12:
  version "1.4.12"
  resolved "https://repo.int.scp.ovh/repository/npm-all/rereadable-stream/-/rereadable-stream-1.4.12.tgz#51d375d3eb7f4708a4bb592d057d4858502defd9"
  integrity sha512-X6DO4q5q+QWIKP/B3MO+W0fNlu7x2xJDYvZ6LqM3kSFtyRp/0E/W1NOoxg5Zp9gUB0kKTFXUiubhxgb/c+tZEw==

scramjet-core@^4.31.19:
  version "4.31.19"
  resolved "https://repo.int.scp.ovh/repository/npm-all/scramjet-core/-/scramjet-core-4.31.19.tgz#ac69687c792abae40ab1a4bedc2cdca7a1f814ec"
  integrity sha512-/rmtiNw7CY2xLKCm7qBc7RwToltdZ+0MpLaS7XCdPAjMwheKT3+Jbu/r708DryySQypy2IKJQkUx5kx7b2qkeg==

scramjet@^4.35.20:
  version "4.35.20"
  resolved "https://repo.int.scp.ovh/repository/npm-all/scramjet/-/scramjet-4.35.20.tgz#acce89a4d4419af3b8dd0d5dde95eaef2d839665"
  integrity sha512-Lnj3Js/y07VsaQM2vhMkNHl51jRHucnpAOPE55Ug3B6mo3CtPdO+DEpCsaV97u0ZBXcxWIbR9DN4SPftcAprDw==
  dependencies:
    papaparse "^5.3.1"
    rereadable-stream "^1.4.12"
    scramjet-core "^4.31.19"

typescript@^4.3.4:
  version "4.3.5"
  resolved "https://repo.int.scp.ovh/repository/npm-all/typescript/-/typescript-4.3.5.tgz#4d1c37cc16e893973c45a06886b7113234f119f4"
  integrity sha512-DqQgihaQ9cUrskJo9kIyW/+g0Vxsk8cDtZ52a3NGh0YNTfpUSArXSohyUGnvbPazEPLu398C0UxmKSOrPumUzA==
