{
    "name": "@scramjet/linkedin",
    "version": "0.13.1",
    "lockfileVersion": 2,
    "requires": true,
    "packages": {
        "": {
            "name": "@scramjet/linkedin",
            "version": "0.13.1",
            "license": "GPL-3.0",
            "dependencies": {
                "axios": "^0.21.4",
                "cheerio": "*",
                "csv-parser": "^3.0.0",
                "scramjet": "^4.36.0"
            },
            "devDependencies": {
                "@scramjet/types": "^0.22.0",
                "@types/node": "15.12.5",
                "typescript": "^4.3.4"
            }
        },
        "node_modules/@scramjet/symbols": {
            "version": "0.22.0",
            "resolved": "https://registry.npmjs.org/@scramjet/symbols/-/symbols-0.22.0.tgz",
            "integrity": "sha512-yTHmfJrmO1f1neCsGZl8heYbPvN465lnCrJssqSgkupRXE69XPHIItq39jlkII/0pYxhpZGub6iAfV2tr9U+fg==",
            "dev": true
        },
        "node_modules/@scramjet/types": {
            "version": "0.22.0",
            "resolved": "https://registry.npmjs.org/@scramjet/types/-/types-0.22.0.tgz",
            "integrity": "sha512-C+vYGN3QyxImsghbTPScXXLNNwdE1DlT60zNgjduFSODToTbVp2M8anNhi+8t7Loo7nIMbzeeoc4N/72s4eBmA==",
            "dev": true,
            "dependencies": {
                "@scramjet/symbols": "^0.22.0",
                "http-status-codes": "^2.2.0"
            }
        },
        "node_modules/@types/node": {
            "version": "15.12.5",
            "resolved": "https://registry.npmjs.org/@types/node/-/node-15.12.5.tgz",
            "integrity": "sha512-se3yX7UHv5Bscf8f1ERKvQOD6sTyycH3hdaoozvaLxgUiY5lIGEeH37AD0G0Qi9kPqihPn0HOfd2yaIEN9VwEg==",
            "dev": true
        },
        "node_modules/axios": {
            "version": "0.21.4",
            "resolved": "https://registry.npmjs.org/axios/-/axios-0.21.4.tgz",
            "integrity": "sha512-ut5vewkiu8jjGBdqpM44XxjuCjq9LAKeHVmoVfHVzy8eHgxxq8SbAVQNovDA8mVi05kP0Ea/n/UzcSHcTJQfNg==",
            "dependencies": {
                "follow-redirects": "^1.14.0"
            }
        },
        "node_modules/boolbase": {
            "version": "1.0.0",
            "resolved": "https://registry.npmjs.org/boolbase/-/boolbase-1.0.0.tgz",
            "integrity": "sha512-JZOSA7Mo9sNGB8+UjSgzdLtokWAky1zbztM3WRLCbZ70/3cTANmQmOdR7y2g+J0e2WXywy1yS468tY+IruqEww=="
        },
        "node_modules/cheerio": {
            "version": "1.0.0-rc.12",
            "resolved": "https://registry.npmjs.org/cheerio/-/cheerio-1.0.0-rc.12.tgz",
            "integrity": "sha512-VqR8m68vM46BNnuZ5NtnGBKIE/DfN0cRIzg9n40EIq9NOv90ayxLBXA8fXC5gquFRGJSTRqBq25Jt2ECLR431Q==",
            "dependencies": {
                "cheerio-select": "^2.1.0",
                "dom-serializer": "^2.0.0",
                "domhandler": "^5.0.3",
                "domutils": "^3.0.1",
                "htmlparser2": "^8.0.1",
                "parse5": "^7.0.0",
                "parse5-htmlparser2-tree-adapter": "^7.0.0"
            },
            "engines": {
                "node": ">= 6"
            },
            "funding": {
                "url": "https://github.com/cheeriojs/cheerio?sponsor=1"
            }
        },
        "node_modules/cheerio-select": {
            "version": "2.1.0",
            "resolved": "https://registry.npmjs.org/cheerio-select/-/cheerio-select-2.1.0.tgz",
            "integrity": "sha512-9v9kG0LvzrlcungtnJtpGNxY+fzECQKhK4EGJX2vByejiMX84MFNQw4UxPJl3bFbTMw+Dfs37XaIkCwTZfLh4g==",
            "dependencies": {
                "boolbase": "^1.0.0",
                "css-select": "^5.1.0",
                "css-what": "^6.1.0",
                "domelementtype": "^2.3.0",
                "domhandler": "^5.0.3",
                "domutils": "^3.0.1"
            },
            "funding": {
                "url": "https://github.com/sponsors/fb55"
            }
        },
        "node_modules/css-select": {
            "version": "5.1.0",
            "resolved": "https://registry.npmjs.org/css-select/-/css-select-5.1.0.tgz",
            "integrity": "sha512-nwoRF1rvRRnnCqqY7updORDsuqKzqYJ28+oSMaJMMgOauh3fvwHqMS7EZpIPqK8GL+g9mKxF1vP/ZjSeNjEVHg==",
            "dependencies": {
                "boolbase": "^1.0.0",
                "css-what": "^6.1.0",
                "domhandler": "^5.0.2",
                "domutils": "^3.0.1",
                "nth-check": "^2.0.1"
            },
            "funding": {
                "url": "https://github.com/sponsors/fb55"
            }
        },
        "node_modules/css-what": {
            "version": "6.1.0",
            "resolved": "https://registry.npmjs.org/css-what/-/css-what-6.1.0.tgz",
            "integrity": "sha512-HTUrgRJ7r4dsZKU6GjmpfRK1O76h97Z8MfS1G0FozR+oF2kG6Vfe8JE6zwrkbxigziPHinCJ+gCPjA9EaBDtRw==",
            "engines": {
                "node": ">= 6"
            },
            "funding": {
                "url": "https://github.com/sponsors/fb55"
            }
        },
        "node_modules/csv-parser": {
            "version": "3.0.0",
            "resolved": "https://registry.npmjs.org/csv-parser/-/csv-parser-3.0.0.tgz",
            "integrity": "sha512-s6OYSXAK3IdKqYO33y09jhypG/bSDHPuyCme/IdEHfWpLf/jKcpitVFyOC6UemgGk8v7Q5u2XE0vvwmanxhGlQ==",
            "dependencies": {
                "minimist": "^1.2.0"
            },
            "bin": {
                "csv-parser": "bin/csv-parser"
            },
            "engines": {
                "node": ">= 10"
            }
        },
        "node_modules/dom-serializer": {
            "version": "2.0.0",
            "resolved": "https://registry.npmjs.org/dom-serializer/-/dom-serializer-2.0.0.tgz",
            "integrity": "sha512-wIkAryiqt/nV5EQKqQpo3SToSOV9J0DnbJqwK7Wv/Trc92zIAYZ4FlMu+JPFW1DfGFt81ZTCGgDEabffXeLyJg==",
            "dependencies": {
                "domelementtype": "^2.3.0",
                "domhandler": "^5.0.2",
                "entities": "^4.2.0"
            },
            "funding": {
                "url": "https://github.com/cheeriojs/dom-serializer?sponsor=1"
            }
        },
        "node_modules/domelementtype": {
            "version": "2.3.0",
            "resolved": "https://registry.npmjs.org/domelementtype/-/domelementtype-2.3.0.tgz",
            "integrity": "sha512-OLETBj6w0OsagBwdXnPdN0cnMfF9opN69co+7ZrbfPGrdpPVNBUj02spi6B1N7wChLQiPn4CSH/zJvXw56gmHw==",
            "funding": [
                {
                    "type": "github",
                    "url": "https://github.com/sponsors/fb55"
                }
            ]
        },
        "node_modules/domhandler": {
            "version": "5.0.3",
            "resolved": "https://registry.npmjs.org/domhandler/-/domhandler-5.0.3.tgz",
            "integrity": "sha512-cgwlv/1iFQiFnU96XXgROh8xTeetsnJiDsTc7TYCLFd9+/WNkIqPTxiM/8pSd8VIrhXGTf1Ny1q1hquVqDJB5w==",
            "dependencies": {
                "domelementtype": "^2.3.0"
            },
            "engines": {
                "node": ">= 4"
            },
            "funding": {
                "url": "https://github.com/fb55/domhandler?sponsor=1"
            }
        },
        "node_modules/domutils": {
            "version": "3.0.1",
            "resolved": "https://registry.npmjs.org/domutils/-/domutils-3.0.1.tgz",
            "integrity": "sha512-z08c1l761iKhDFtfXO04C7kTdPBLi41zwOZl00WS8b5eiaebNpY00HKbztwBq+e3vyqWNwWF3mP9YLUeqIrF+Q==",
            "dependencies": {
                "dom-serializer": "^2.0.0",
                "domelementtype": "^2.3.0",
                "domhandler": "^5.0.1"
            },
            "funding": {
                "url": "https://github.com/fb55/domutils?sponsor=1"
            }
        },
        "node_modules/entities": {
            "version": "4.3.1",
            "resolved": "https://registry.npmjs.org/entities/-/entities-4.3.1.tgz",
            "integrity": "sha512-o4q/dYJlmyjP2zfnaWDUC6A3BQFmVTX+tZPezK7k0GLSU9QYCauscf5Y+qcEPzKL+EixVouYDgLQK5H9GrLpkg==",
            "engines": {
                "node": ">=0.12"
            },
            "funding": {
                "url": "https://github.com/fb55/entities?sponsor=1"
            }
        },
        "node_modules/follow-redirects": {
            "version": "1.15.1",
            "resolved": "https://registry.npmjs.org/follow-redirects/-/follow-redirects-1.15.1.tgz",
            "integrity": "sha512-yLAMQs+k0b2m7cVxpS1VKJVvoz7SS9Td1zss3XRwXj+ZDH00RJgnuLx7E44wx02kQLrdM3aOOy+FpzS7+8OizA==",
            "funding": [
                {
                    "type": "individual",
                    "url": "https://github.com/sponsors/RubenVerborgh"
                }
            ],
            "engines": {
                "node": ">=4.0"
            },
            "peerDependenciesMeta": {
                "debug": {
                    "optional": true
                }
            }
        },
        "node_modules/htmlparser2": {
            "version": "8.0.1",
            "resolved": "https://registry.npmjs.org/htmlparser2/-/htmlparser2-8.0.1.tgz",
            "integrity": "sha512-4lVbmc1diZC7GUJQtRQ5yBAeUCL1exyMwmForWkRLnwyzWBFxN633SALPMGYaWZvKe9j1pRZJpauvmxENSp/EA==",
            "funding": [
                "https://github.com/fb55/htmlparser2?sponsor=1",
                {
                    "type": "github",
                    "url": "https://github.com/sponsors/fb55"
                }
            ],
            "dependencies": {
                "domelementtype": "^2.3.0",
                "domhandler": "^5.0.2",
                "domutils": "^3.0.1",
                "entities": "^4.3.0"
            }
        },
        "node_modules/http-status-codes": {
            "version": "2.2.0",
            "resolved": "https://registry.npmjs.org/http-status-codes/-/http-status-codes-2.2.0.tgz",
            "integrity": "sha512-feERVo9iWxvnejp3SEfm/+oNG517npqL2/PIA8ORjyOZjGC7TwCRQsZylciLS64i6pJ0wRYz3rkXLRwbtFa8Ng==",
            "dev": true
        },
        "node_modules/minimist": {
            "version": "1.2.6",
            "resolved": "https://registry.npmjs.org/minimist/-/minimist-1.2.6.tgz",
            "integrity": "sha512-Jsjnk4bw3YJqYzbdyBiNsPWHPfO++UGG749Cxs6peCu5Xg4nrena6OVxOYxrQTqww0Jmwt+Ref8rggumkTLz9Q=="
        },
        "node_modules/nth-check": {
            "version": "2.1.1",
            "resolved": "https://registry.npmjs.org/nth-check/-/nth-check-2.1.1.tgz",
            "integrity": "sha512-lqjrjmaOoAnWfMmBPL+XNnynZh2+swxiX3WUE0s4yEHI6m+AwrK2UZOimIRl3X/4QctVqS8AiZjFqyOGrMXb/w==",
            "dependencies": {
                "boolbase": "^1.0.0"
            },
            "funding": {
                "url": "https://github.com/fb55/nth-check?sponsor=1"
            }
        },
        "node_modules/papaparse": {
            "version": "5.3.2",
            "resolved": "https://registry.npmjs.org/papaparse/-/papaparse-5.3.2.tgz",
            "integrity": "sha512-6dNZu0Ki+gyV0eBsFKJhYr+MdQYAzFUGlBMNj3GNrmHxmz1lfRa24CjFObPXtjcetlOv5Ad299MhIK0znp3afw=="
        },
        "node_modules/parse5": {
            "version": "7.0.0",
            "resolved": "https://registry.npmjs.org/parse5/-/parse5-7.0.0.tgz",
            "integrity": "sha512-y/t8IXSPWTuRZqXc0ajH/UwDj4mnqLEbSttNbThcFhGrZuOyoyvNBO85PBp2jQa55wY9d07PBNjsK8ZP3K5U6g==",
            "dependencies": {
                "entities": "^4.3.0"
            },
            "funding": {
                "url": "https://github.com/inikulin/parse5?sponsor=1"
            }
        },
        "node_modules/parse5-htmlparser2-tree-adapter": {
            "version": "7.0.0",
            "resolved": "https://registry.npmjs.org/parse5-htmlparser2-tree-adapter/-/parse5-htmlparser2-tree-adapter-7.0.0.tgz",
            "integrity": "sha512-B77tOZrqqfUfnVcOrUvfdLbz4pu4RopLD/4vmu3HUPswwTA8OH0EMW9BlWR2B0RCoiZRAHEUu7IxeP1Pd1UU+g==",
            "dependencies": {
                "domhandler": "^5.0.2",
                "parse5": "^7.0.0"
            },
            "funding": {
                "url": "https://github.com/inikulin/parse5?sponsor=1"
            }
        },
        "node_modules/rereadable-stream": {
            "version": "1.4.13",
            "resolved": "https://registry.npmjs.org/rereadable-stream/-/rereadable-stream-1.4.13.tgz",
            "integrity": "sha512-g/HAYvVm1nXgmUAnqL01Zl3spGkZ9jqqlvIwlNd5O5FjQilq5BU6FeH65pcYP8Sn5lCenbpJ/+wGfkmQKKfp6A==",
            "engines": {
                "node": ">=8.6.0"
            }
        },
        "node_modules/scramjet": {
            "version": "4.36.6",
            "resolved": "https://registry.npmjs.org/scramjet/-/scramjet-4.36.6.tgz",
            "integrity": "sha512-Fsrn7NTVSdX4DJR88FY5oMCHD9sT/ZD7IK/WzJjgMGx0K5kUJk7Qbmx++Y8k8GUGdyGHCmdxzTiHMjDX5vtkcA==",
            "funding": [
                {
                    "type": "github",
                    "url": "https://github.com/sponsors/scramjetorg"
                },
                {
                    "type": "individual",
                    "url": "https://www.paypal.com/cgi-bin/webscr?cmd=_s-xclick&hosted_button_id=7F7V65C43EBMW"
                }
            ],
            "dependencies": {
                "papaparse": "^5.3.1",
                "rereadable-stream": "^1.4.13",
                "scramjet-core": "^4.32.5"
            },
            "engines": {
                "node": ">=10.0.0"
            }
        },
        "node_modules/scramjet-core": {
            "version": "4.32.7",
            "resolved": "https://registry.npmjs.org/scramjet-core/-/scramjet-core-4.32.7.tgz",
            "integrity": "sha512-6E1DVu+nM9OwyvaXgvKGjt5g/UHvujmOl1wFauLmOPh03eKjS8mlEvLCacWdOR0O8u1kmKT8Sniw6GI+yR2OOg==",
            "engines": {
                "node": ">=10.0.0"
            }
        },
        "node_modules/typescript": {
            "version": "4.7.4",
            "resolved": "https://registry.npmjs.org/typescript/-/typescript-4.7.4.tgz",
            "integrity": "sha512-C0WQT0gezHuw6AdY1M2jxUO83Rjf0HP7Sk1DtXj6j1EwkQNZrHAg2XPWlq62oqEhYvONq5pkC2Y9oPljWToLmQ==",
            "dev": true,
            "bin": {
                "tsc": "bin/tsc",
                "tsserver": "bin/tsserver"
            },
            "engines": {
                "node": ">=4.2.0"
            }
        }
    },
    "dependencies": {
        "@scramjet/symbols": {
            "version": "0.22.0",
            "resolved": "https://registry.npmjs.org/@scramjet/symbols/-/symbols-0.22.0.tgz",
            "integrity": "sha512-yTHmfJrmO1f1neCsGZl8heYbPvN465lnCrJssqSgkupRXE69XPHIItq39jlkII/0pYxhpZGub6iAfV2tr9U+fg==",
            "dev": true
        },
        "@scramjet/types": {
            "version": "0.22.0",
            "resolved": "https://registry.npmjs.org/@scramjet/types/-/types-0.22.0.tgz",
            "integrity": "sha512-C+vYGN3QyxImsghbTPScXXLNNwdE1DlT60zNgjduFSODToTbVp2M8anNhi+8t7Loo7nIMbzeeoc4N/72s4eBmA==",
            "dev": true,
            "requires": {
                "@scramjet/symbols": "^0.22.0",
                "http-status-codes": "^2.2.0"
            }
        },
        "@types/node": {
            "version": "15.12.5",
            "resolved": "https://registry.npmjs.org/@types/node/-/node-15.12.5.tgz",
            "integrity": "sha512-se3yX7UHv5Bscf8f1ERKvQOD6sTyycH3hdaoozvaLxgUiY5lIGEeH37AD0G0Qi9kPqihPn0HOfd2yaIEN9VwEg==",
            "dev": true
        },
        "axios": {
            "version": "0.21.4",
            "resolved": "https://registry.npmjs.org/axios/-/axios-0.21.4.tgz",
            "integrity": "sha512-ut5vewkiu8jjGBdqpM44XxjuCjq9LAKeHVmoVfHVzy8eHgxxq8SbAVQNovDA8mVi05kP0Ea/n/UzcSHcTJQfNg==",
            "requires": {
                "follow-redirects": "^1.14.0"
            }
        },
        "boolbase": {
            "version": "1.0.0",
            "resolved": "https://registry.npmjs.org/boolbase/-/boolbase-1.0.0.tgz",
            "integrity": "sha512-JZOSA7Mo9sNGB8+UjSgzdLtokWAky1zbztM3WRLCbZ70/3cTANmQmOdR7y2g+J0e2WXywy1yS468tY+IruqEww=="
        },
        "cheerio": {
            "version": "1.0.0-rc.12",
            "resolved": "https://registry.npmjs.org/cheerio/-/cheerio-1.0.0-rc.12.tgz",
            "integrity": "sha512-VqR8m68vM46BNnuZ5NtnGBKIE/DfN0cRIzg9n40EIq9NOv90ayxLBXA8fXC5gquFRGJSTRqBq25Jt2ECLR431Q==",
            "requires": {
                "cheerio-select": "^2.1.0",
                "dom-serializer": "^2.0.0",
                "domhandler": "^5.0.3",
                "domutils": "^3.0.1",
                "htmlparser2": "^8.0.1",
                "parse5": "^7.0.0",
                "parse5-htmlparser2-tree-adapter": "^7.0.0"
            }
        },
        "cheerio-select": {
            "version": "2.1.0",
            "resolved": "https://registry.npmjs.org/cheerio-select/-/cheerio-select-2.1.0.tgz",
            "integrity": "sha512-9v9kG0LvzrlcungtnJtpGNxY+fzECQKhK4EGJX2vByejiMX84MFNQw4UxPJl3bFbTMw+Dfs37XaIkCwTZfLh4g==",
            "requires": {
                "boolbase": "^1.0.0",
                "css-select": "^5.1.0",
                "css-what": "^6.1.0",
                "domelementtype": "^2.3.0",
                "domhandler": "^5.0.3",
                "domutils": "^3.0.1"
            }
        },
        "css-select": {
            "version": "5.1.0",
            "resolved": "https://registry.npmjs.org/css-select/-/css-select-5.1.0.tgz",
            "integrity": "sha512-nwoRF1rvRRnnCqqY7updORDsuqKzqYJ28+oSMaJMMgOauh3fvwHqMS7EZpIPqK8GL+g9mKxF1vP/ZjSeNjEVHg==",
            "requires": {
                "boolbase": "^1.0.0",
                "css-what": "^6.1.0",
                "domhandler": "^5.0.2",
                "domutils": "^3.0.1",
                "nth-check": "^2.0.1"
            }
        },
        "css-what": {
            "version": "6.1.0",
            "resolved": "https://registry.npmjs.org/css-what/-/css-what-6.1.0.tgz",
            "integrity": "sha512-HTUrgRJ7r4dsZKU6GjmpfRK1O76h97Z8MfS1G0FozR+oF2kG6Vfe8JE6zwrkbxigziPHinCJ+gCPjA9EaBDtRw=="
        },
        "csv-parser": {
            "version": "3.0.0",
            "resolved": "https://registry.npmjs.org/csv-parser/-/csv-parser-3.0.0.tgz",
            "integrity": "sha512-s6OYSXAK3IdKqYO33y09jhypG/bSDHPuyCme/IdEHfWpLf/jKcpitVFyOC6UemgGk8v7Q5u2XE0vvwmanxhGlQ==",
            "requires": {
                "minimist": "^1.2.0"
            }
        },
        "dom-serializer": {
            "version": "2.0.0",
            "resolved": "https://registry.npmjs.org/dom-serializer/-/dom-serializer-2.0.0.tgz",
            "integrity": "sha512-wIkAryiqt/nV5EQKqQpo3SToSOV9J0DnbJqwK7Wv/Trc92zIAYZ4FlMu+JPFW1DfGFt81ZTCGgDEabffXeLyJg==",
            "requires": {
                "domelementtype": "^2.3.0",
                "domhandler": "^5.0.2",
                "entities": "^4.2.0"
            }
        },
        "domelementtype": {
            "version": "2.3.0",
            "resolved": "https://registry.npmjs.org/domelementtype/-/domelementtype-2.3.0.tgz",
            "integrity": "sha512-OLETBj6w0OsagBwdXnPdN0cnMfF9opN69co+7ZrbfPGrdpPVNBUj02spi6B1N7wChLQiPn4CSH/zJvXw56gmHw=="
        },
        "domhandler": {
            "version": "5.0.3",
            "resolved": "https://registry.npmjs.org/domhandler/-/domhandler-5.0.3.tgz",
            "integrity": "sha512-cgwlv/1iFQiFnU96XXgROh8xTeetsnJiDsTc7TYCLFd9+/WNkIqPTxiM/8pSd8VIrhXGTf1Ny1q1hquVqDJB5w==",
            "requires": {
                "domelementtype": "^2.3.0"
            }
        },
        "domutils": {
            "version": "3.0.1",
            "resolved": "https://registry.npmjs.org/domutils/-/domutils-3.0.1.tgz",
            "integrity": "sha512-z08c1l761iKhDFtfXO04C7kTdPBLi41zwOZl00WS8b5eiaebNpY00HKbztwBq+e3vyqWNwWF3mP9YLUeqIrF+Q==",
            "requires": {
                "dom-serializer": "^2.0.0",
                "domelementtype": "^2.3.0",
                "domhandler": "^5.0.1"
            }
        },
        "entities": {
            "version": "4.3.1",
            "resolved": "https://registry.npmjs.org/entities/-/entities-4.3.1.tgz",
            "integrity": "sha512-o4q/dYJlmyjP2zfnaWDUC6A3BQFmVTX+tZPezK7k0GLSU9QYCauscf5Y+qcEPzKL+EixVouYDgLQK5H9GrLpkg=="
        },
        "follow-redirects": {
            "version": "1.15.1",
            "resolved": "https://registry.npmjs.org/follow-redirects/-/follow-redirects-1.15.1.tgz",
            "integrity": "sha512-yLAMQs+k0b2m7cVxpS1VKJVvoz7SS9Td1zss3XRwXj+ZDH00RJgnuLx7E44wx02kQLrdM3aOOy+FpzS7+8OizA=="
        },
        "htmlparser2": {
            "version": "8.0.1",
            "resolved": "https://registry.npmjs.org/htmlparser2/-/htmlparser2-8.0.1.tgz",
            "integrity": "sha512-4lVbmc1diZC7GUJQtRQ5yBAeUCL1exyMwmForWkRLnwyzWBFxN633SALPMGYaWZvKe9j1pRZJpauvmxENSp/EA==",
            "requires": {
                "domelementtype": "^2.3.0",
                "domhandler": "^5.0.2",
                "domutils": "^3.0.1",
                "entities": "^4.3.0"
            }
        },
        "http-status-codes": {
            "version": "2.2.0",
            "resolved": "https://registry.npmjs.org/http-status-codes/-/http-status-codes-2.2.0.tgz",
            "integrity": "sha512-feERVo9iWxvnejp3SEfm/+oNG517npqL2/PIA8ORjyOZjGC7TwCRQsZylciLS64i6pJ0wRYz3rkXLRwbtFa8Ng==",
            "dev": true
        },
        "minimist": {
            "version": "1.2.6",
            "resolved": "https://registry.npmjs.org/minimist/-/minimist-1.2.6.tgz",
            "integrity": "sha512-Jsjnk4bw3YJqYzbdyBiNsPWHPfO++UGG749Cxs6peCu5Xg4nrena6OVxOYxrQTqww0Jmwt+Ref8rggumkTLz9Q=="
        },
        "nth-check": {
            "version": "2.1.1",
            "resolved": "https://registry.npmjs.org/nth-check/-/nth-check-2.1.1.tgz",
            "integrity": "sha512-lqjrjmaOoAnWfMmBPL+XNnynZh2+swxiX3WUE0s4yEHI6m+AwrK2UZOimIRl3X/4QctVqS8AiZjFqyOGrMXb/w==",
            "requires": {
                "boolbase": "^1.0.0"
            }
        },
        "papaparse": {
            "version": "5.3.2",
            "resolved": "https://registry.npmjs.org/papaparse/-/papaparse-5.3.2.tgz",
            "integrity": "sha512-6dNZu0Ki+gyV0eBsFKJhYr+MdQYAzFUGlBMNj3GNrmHxmz1lfRa24CjFObPXtjcetlOv5Ad299MhIK0znp3afw=="
        },
        "parse5": {
            "version": "7.0.0",
            "resolved": "https://registry.npmjs.org/parse5/-/parse5-7.0.0.tgz",
            "integrity": "sha512-y/t8IXSPWTuRZqXc0ajH/UwDj4mnqLEbSttNbThcFhGrZuOyoyvNBO85PBp2jQa55wY9d07PBNjsK8ZP3K5U6g==",
            "requires": {
                "entities": "^4.3.0"
            }
        },
        "parse5-htmlparser2-tree-adapter": {
            "version": "7.0.0",
            "resolved": "https://registry.npmjs.org/parse5-htmlparser2-tree-adapter/-/parse5-htmlparser2-tree-adapter-7.0.0.tgz",
            "integrity": "sha512-B77tOZrqqfUfnVcOrUvfdLbz4pu4RopLD/4vmu3HUPswwTA8OH0EMW9BlWR2B0RCoiZRAHEUu7IxeP1Pd1UU+g==",
            "requires": {
                "domhandler": "^5.0.2",
                "parse5": "^7.0.0"
            }
        },
        "rereadable-stream": {
            "version": "1.4.13",
            "resolved": "https://registry.npmjs.org/rereadable-stream/-/rereadable-stream-1.4.13.tgz",
            "integrity": "sha512-g/HAYvVm1nXgmUAnqL01Zl3spGkZ9jqqlvIwlNd5O5FjQilq5BU6FeH65pcYP8Sn5lCenbpJ/+wGfkmQKKfp6A=="
        },
        "scramjet": {
            "version": "4.36.6",
            "resolved": "https://registry.npmjs.org/scramjet/-/scramjet-4.36.6.tgz",
            "integrity": "sha512-Fsrn7NTVSdX4DJR88FY5oMCHD9sT/ZD7IK/WzJjgMGx0K5kUJk7Qbmx++Y8k8GUGdyGHCmdxzTiHMjDX5vtkcA==",
            "requires": {
                "papaparse": "^5.3.1",
                "rereadable-stream": "^1.4.13",
                "scramjet-core": "^4.32.5"
            }
        },
        "scramjet-core": {
            "version": "4.32.7",
            "resolved": "https://registry.npmjs.org/scramjet-core/-/scramjet-core-4.32.7.tgz",
            "integrity": "sha512-6E1DVu+nM9OwyvaXgvKGjt5g/UHvujmOl1wFauLmOPh03eKjS8mlEvLCacWdOR0O8u1kmKT8Sniw6GI+yR2OOg=="
        },
        "typescript": {
            "version": "4.7.4",
            "resolved": "https://registry.npmjs.org/typescript/-/typescript-4.7.4.tgz",
            "integrity": "sha512-C0WQT0gezHuw6AdY1M2jxUO83Rjf0HP7Sk1DtXj6j1EwkQNZrHAg2XPWlq62oqEhYvONq5pkC2Y9oPljWToLmQ==",
            "dev": true
        }
    }
}
